
Microsoft Visual Studio Solution File, Format Version 12.00
# Visual Studio Version 16
VisualStudioVersion = 16.0.31410.223
MinimumVisualStudioVersion = 15.0.26124.0
Project("{9A19103F-16F7-4668-BE54-9A1E7A4F7556}") = "Nonogram.Core", "Nonogram.Core\Nonogram.Core.csproj", "{7F04808F-141A-468B-8E87-F9C4FBCA2257}"
EndProject
Project("{9A19103F-16F7-4668-BE54-9A1E7A4F7556}") = "Nonogram.CLI", "Nonogram.CLI\Nonogram.CLI.csproj", "{1949A996-9166-4A7E-890E-543CC0E1A9AE}"
EndProject
Project("{9A19103F-16F7-4668-BE54-9A1E7A4F7556}") = "Nonogram.Test", "Nonogram.Test\Nonogram.Test.csproj", "{22C9E433-B152-452E-B167-84FAF5C066D8}"
EndProject
Project("{9A19103F-16F7-4668-BE54-9A1E7A4F7556}") = "Nonogram.WPF", "Nonogram.WPF\Nonogram.WPF.csproj", "{0E4BEC61-6E22-4F2C-8944-5FA2D9DC14F1}"
EndProject
Project("{2150E333-8FDC-42A3-9474-1A3956D46DE8}") = "Solution Items", "Solution Items", "{B6FA1915-301E-401F-BAED-14E97479CD49}"
	ProjectSection(SolutionItems) = preProject
		.editorconfig = .editorconfig
	EndProjectSection
EndProject
Global
	GlobalSection(SolutionConfigurationPlatforms) = preSolution
		Debug|Any CPU = Debug|Any CPU
		Debug|x64 = Debug|x64
		Debug|x86 = Debug|x86
		Release|Any CPU = Release|Any CPU
		Release|x64 = Release|x64
		Release|x86 = Release|x86
	EndGlobalSection
	GlobalSection(ProjectConfigurationPlatforms) = postSolution
		{7F04808F-141A-468B-8E87-F9C4FBCA2257}.Debug|Any CPU.ActiveCfg = Debug|Any CPU
		{7F04808F-141A-468B-8E87-F9C4FBCA2257}.Debug|Any CPU.Build.0 = Debug|Any CPU
		{7F04808F-141A-468B-8E87-F9C4FBCA2257}.Debug|x64.ActiveCfg = Debug|Any CPU
		{7F04808F-141A-468B-8E87-F9C4FBCA2257}.Debug|x64.Build.0 = Debug|Any CPU
		{7F04808F-141A-468B-8E87-F9C4FBCA2257}.Debug|x86.ActiveCfg = Debug|Any CPU
		{7F04808F-141A-468B-8E87-F9C4FBCA2257}.Debug|x86.Build.0 = Debug|Any CPU
		{7F04808F-141A-468B-8E87-F9C4FBCA2257}.Release|Any CPU.ActiveCfg = Release|Any CPU
		{7F04808F-141A-468B-8E87-F9C4FBCA2257}.Release|Any CPU.Build.0 = Release|Any CPU
		{7F04808F-141A-468B-8E87-F9C4FBCA2257}.Release|x64.ActiveCfg = Release|Any CPU
		{7F04808F-141A-468B-8E87-F9C4FBCA2257}.Release|x64.Build.0 = Release|Any CPU
		{7F04808F-141A-468B-8E87-F9C4FBCA2257}.Release|x86.ActiveCfg = Release|Any CPU
		{7F04808F-141A-468B-8E87-F9C4FBCA2257}.Release|x86.Build.0 = Release|Any CPU
		{1949A996-9166-4A7E-890E-543CC0E1A9AE}.Debug|Any CPU.ActiveCfg = Debug|Any CPU
		{1949A996-9166-4A7E-890E-543CC0E1A9AE}.Debug|Any CPU.Build.0 = Debug|Any CPU
		{1949A996-9166-4A7E-890E-543CC0E1A9AE}.Debug|x64.ActiveCfg = Debug|Any CPU
		{1949A996-9166-4A7E-890E-543CC0E1A9AE}.Debug|x64.Build.0 = Debug|Any CPU
		{1949A996-9166-4A7E-890E-543CC0E1A9AE}.Debug|x86.ActiveCfg = Debug|Any CPU
		{1949A996-9166-4A7E-890E-543CC0E1A9AE}.Debug|x86.Build.0 = Debug|Any CPU
		{1949A996-9166-4A7E-890E-543CC0E1A9AE}.Release|Any CPU.ActiveCfg = Release|Any CPU
		{1949A996-9166-4A7E-890E-543CC0E1A9AE}.Release|Any CPU.Build.0 = Release|Any CPU
		{1949A996-9166-4A7E-890E-543CC0E1A9AE}.Release|x64.ActiveCfg = Release|Any CPU
		{1949A996-9166-4A7E-890E-543CC0E1A9AE}.Release|x64.Build.0 = Release|Any CPU
		{1949A996-9166-4A7E-890E-543CC0E1A9AE}.Release|x86.ActiveCfg = Release|Any CPU
		{1949A996-9166-4A7E-890E-543CC0E1A9AE}.Release|x86.Build.0 = Release|Any CPU
		{22C9E433-B152-452E-B167-84FAF5C066D8}.Debug|Any CPU.ActiveCfg = Debug|Any CPU
		{22C9E433-B152-452E-B167-84FAF5C066D8}.Debug|Any CPU.Build.0 = Debug|Any CPU
		{22C9E433-B152-452E-B167-84FAF5C066D8}.Debug|x64.ActiveCfg = Debug|Any CPU
		{22C9E433-B152-452E-B167-84FAF5C066D8}.Debug|x64.Build.0 = Debug|Any CPU
		{22C9E433-B152-452E-B167-84FAF5C066D8}.Debug|x86.ActiveCfg = Debug|Any CPU
		{22C9E433-B152-452E-B167-84FAF5C066D8}.Debug|x86.Build.0 = Debug|Any CPU
		{22C9E433-B152-452E-B167-84FAF5C066D8}.Release|Any CPU.ActiveCfg = Release|Any CPU
		{22C9E433-B152-452E-B167-84FAF5C066D8}.Release|Any CPU.Build.0 = Release|Any CPU
		{22C9E433-B152-452E-B167-84FAF5C066D8}.Release|x64.ActiveCfg = Release|Any CPU
		{22C9E433-B152-452E-B167-84FAF5C066D8}.Release|x64.Build.0 = Release|Any CPU
		{22C9E433-B152-452E-B167-84FAF5C066D8}.Release|x86.ActiveCfg = Release|Any CPU
		{22C9E433-B152-452E-B167-84FAF5C066D8}.Release|x86.Build.0 = Release|Any CPU
		{0E4BEC61-6E22-4F2C-8944-5FA2D9DC14F1}.Debug|Any CPU.ActiveCfg = Debug|Any CPU
		{0E4BEC61-6E22-4F2C-8944-5FA2D9DC14F1}.Debug|Any CPU.Build.0 = Debug|Any CPU
		{0E4BEC61-6E22-4F2C-8944-5FA2D9DC14F1}.Debug|x64.ActiveCfg = Debug|Any CPU
		{0E4BEC61-6E22-4F2C-8944-5FA2D9DC14F1}.Debug|x64.Build.0 = Debug|Any CPU
		{0E4BEC61-6E22-4F2C-8944-5FA2D9DC14F1}.Debug|x86.ActiveCfg = Debug|Any CPU
		{0E4BEC61-6E22-4F2C-8944-5FA2D9DC14F1}.Debug|x86.Build.0 = Debug|Any CPU
		{0E4BEC61-6E22-4F2C-8944-5FA2D9DC14F1}.Release|Any CPU.ActiveCfg = Release|Any CPU
		{0E4BEC61-6E22-4F2C-8944-5FA2D9DC14F1}.Release|Any CPU.Build.0 = Release|Any CPU
		{0E4BEC61-6E22-4F2C-8944-5FA2D9DC14F1}.Release|x64.ActiveCfg = Release|Any CPU
		{0E4BEC61-6E22-4F2C-8944-5FA2D9DC14F1}.Release|x64.Build.0 = Release|Any CPU
		{0E4BEC61-6E22-4F2C-8944-5FA2D9DC14F1}.Release|x86.ActiveCfg = Release|Any CPU
		{0E4BEC61-6E22-4F2C-8944-5FA2D9DC14F1}.Release|x86.Build.0 = Release|Any CPU
	EndGlobalSection
	GlobalSection(SolutionProperties) = preSolution
		HideSolutionNode = FALSE
	EndGlobalSection
	GlobalSection(ExtensibilityGlobals) = postSolution
		SolutionGuid = {9DD41DDF-62DA-433E-AD3F-8523619E447C}
	EndGlobalSection
EndGlobal
